PODS:
  - HHFixedResultsController (0.0.3)
  - OCMock (3.1.1)

DEPENDENCIES:
  - HHFixedResultsController (from `https://raw.githubusercontent.com/hyukhur/HHFixedResultsController/0.0.3/HHFixedResultsController.podspec`)
  - OCMock

EXTERNAL SOURCES:
  HHFixedResultsController:
    :podspec: https://raw.githubusercontent.com/hyukhur/HHFixedResultsController/0.0.3/HHFixedResultsController.podspec

SPEC CHECKSUMS:
  HHFixedResultsController: 3454a8663524ed035316f14a3efce0a3452a7a14
  OCMock: f6cb8c162ab9d5620dddf411282c7b2c0ee78854

COCOAPODS: 0.34.1
